// !$*UTF8*$!
{
	archiveVersion = 1;
	classes = {
	};
	objectVersion = 46;
	objects = {

/* Begin PBXBuildFile section */
		40DA3D2B1D048D060082223E /* main.m in Sources */ = {isa = PBXBuildFile; fileRef = 40DA3D2A1D048D060082223E /* main.m */; };
		40DA3D2E1D048D060082223E /* AppDelegate.m in Sources */ = {isa = PBXBuildFile; fileRef = 40DA3D2D1D048D060082223E /* AppDelegate.m */; };
		40DA3D311D048D060082223E /* ViewController.m in Sources */ = {isa = PBXBuildFile; fileRef = 40DA3D301D048D060082223E /* ViewController.m */; };
		40DA3D341D048D060082223E /* Main.storyboard in Resources */ = {isa = PBXBuildFile; fileRef = 40DA3D321D048D060082223E /* Main.storyboard */; };
		40DA3D361D048D060082223E /* Assets.xcassets in Resources */ = {isa = PBXBuildFile; fileRef = 40DA3D351D048D060082223E /* Assets.xcassets */; };
		40DA3D391D048D060082223E /* LaunchScreen.storyboard in Resources */ = {isa = PBXBuildFile; fileRef = 40DA3D371D048D060082223E /* LaunchScreen.storyboard */; };
		40DA3D481D048D900082223E /* City.m in Sources */ = {isa = PBXBuildFile; fileRef = 40DA3D411D048D900082223E /* City.m */; };
		40DA3D491D048D900082223E /* FlightInfo.m in Sources */ = {isa = PBXBuildFile; fileRef = 40DA3D431D048D900082223E /* FlightInfo.m */; };
		40DA3D4A1D048D900082223E /* FlightListCell.m in Sources */ = {isa = PBXBuildFile; fileRef = 40DA3D451D048D900082223E /* FlightListCell.m */; };
		40DA3D4B1D048D900082223E /* FlightListController.m in Sources */ = {isa = PBXBuildFile; fileRef = 40DA3D471D048D900082223E /* FlightListController.m */; };
		40DA3D641D04D4DF0082223E /* TFHpple.m in Sources */ = {isa = PBXBuildFile; fileRef = 40DA3D5F1D04D4DF0082223E /* TFHpple.m */; };
		40DA3D651D04D4DF0082223E /* TFHppleElement.m in Sources */ = {isa = PBXBuildFile; fileRef = 40DA3D611D04D4DF0082223E /* TFHppleElement.m */; };
		40DA3D661D04D4DF0082223E /* XPathQuery.m in Sources */ = {isa = PBXBuildFile; fileRef = 40DA3D631D04D4DF0082223E /* XPathQuery.m */; };
		40DA3D751D04DA6D0082223E /* libxml2.dylib in Frameworks */ = {isa = PBXBuildFile; fileRef = 40DA3D741D04DA6D0082223E /* libxml2.dylib */; };
		40DA3D761D04DABB0082223E /* libxml2.2.dylib in Frameworks */ = {isa = PBXBuildFile; fileRef = 40DA3D6C1D04D82B0082223E /* libxml2.2.dylib */; };
		5AFBD954B8E4C412BB376436 /* libPods.a in Frameworks */ = {isa = PBXBuildFile; fileRef = 1490AC5CB99217F2C4F1DFFF /* libPods.a */; };
/* End PBXBuildFile section */

/* Begin PBXFileReference section */
		1490AC5CB99217F2C4F1DFFF /* libPods.a */ = {isa = PBXFileReference; explicitFileType = archive.ar; includeInIndex = 0; path = libPods.a; sourceTree = BUILT_PRODUCTS_DIR; };
		40DA3D261D048D060082223E /* FlightTicket.app */ = {isa = PBXFileReference; explicitFileType = wrapper.application; includeInIndex = 0; path = FlightTicket.app; sourceTree = BUILT_PRODUCTS_DIR; };
		40DA3D2A1D048D060082223E /* main.m */ = {isa = PBXFileReference; lastKnownFileType = sourcecode.c.objc; path = main.m; sourceTree = "<group>"; };
		40DA3D2C1D048D060082223E /* AppDelegate.h */ = {isa = PBXFileReference; lastKnownFileType = sourcecode.c.h; path = AppDelegate.h; sourceTree = "<group>"; };
		40DA3D2D1D048D060082223E /* AppDelegate.m */ = {isa = PBXFileReference; lastKnownFileType = sourcecode.c.objc; path = AppDelegate.m; sourceTree = "<group>"; };
		40DA3D2F1D048D060082223E /* ViewController.h */ = {isa = PBXFileReference; lastKnownFileType = sourcecode.c.h; path = ViewController.h; sourceTree = "<group>"; };
		40DA3D301D048D060082223E /* ViewController.m */ = {isa = PBXFileReference; lastKnownFileType = sourcecode.c.objc; path = ViewController.m; sourceTree = "<group>"; };
		40DA3D331D048D060082223E /* Base */ = {isa = PBXFileReference; lastKnownFileType = file.storyboard; name = Base; path = Base.lproj/Main.storyboard; sourceTree = "<group>"; };
		40DA3D351D048D060082223E /* Assets.xcassets */ = {isa = PBXFileReference; lastKnownFileType = folder.assetcatalog; path = Assets.xcassets; sourceTree = "<group>"; };
		40DA3D381D048D060082223E /* Base */ = {isa = PBXFileReference; lastKnownFileType = file.storyboard; name = Base; path = Base.lproj/LaunchScreen.storyboard; sourceTree = "<group>"; };
		40DA3D3A1D048D060082223E /* Info.plist */ = {isa = PBXFileReference; lastKnownFileType = text.plist.xml; path = Info.plist; sourceTree = "<group>"; };
		40DA3D401D048D900082223E /* City.h */ = {isa = PBXFileReference; fileEncoding = 4; lastKnownFileType = sourcecode.c.h; path = City.h; sourceTree = "<group>"; };
		40DA3D411D048D900082223E /* City.m */ = {isa = PBXFileReference; fileEncoding = 4; lastKnownFileType = sourcecode.c.objc; path = City.m; sourceTree = "<group>"; };
		40DA3D421D048D900082223E /* FlightInfo.h */ = {isa = PBXFileReference; fileEncoding = 4; lastKnownFileType = sourcecode.c.h; path = FlightInfo.h; sourceTree = "<group>"; };
		40DA3D431D048D900082223E /* FlightInfo.m */ = {isa = PBXFileReference; fileEncoding = 4; lastKnownFileType = sourcecode.c.objc; path = FlightInfo.m; sourceTree = "<group>"; };
		40DA3D441D048D900082223E /* FlightListCell.h */ = {isa = PBXFileReference; fileEncoding = 4; lastKnownFileType = sourcecode.c.h; path = FlightListCell.h; sourceTree = "<group>"; };
		40DA3D451D048D900082223E /* FlightListCell.m */ = {isa = PBXFileReference; fileEncoding = 4; lastKnownFileType = sourcecode.c.objc; path = FlightListCell.m; sourceTree = "<group>"; };
		40DA3D461D048D900082223E /* FlightListController.h */ = {isa = PBXFileReference; fileEncoding = 4; lastKnownFileType = sourcecode.c.h; path = FlightListController.h; sourceTree = "<group>"; };
		40DA3D471D048D900082223E /* FlightListController.m */ = {isa = PBXFileReference; fileEncoding = 4; lastKnownFileType = sourcecode.c.objc; path = FlightListController.m; sourceTree = "<group>"; };
		40DA3D5E1D04D4DF0082223E /* TFHpple.h */ = {isa = PBXFileReference; fileEncoding = 4; lastKnownFileType = sourcecode.c.h; name = TFHpple.h; path = Classes/TFHpple.h; sourceTree = "<group>"; };
		40DA3D5F1D04D4DF0082223E /* TFHpple.m */ = {isa = PBXFileReference; fileEncoding = 4; lastKnownFileType = sourcecode.c.objc; name = TFHpple.m; path = Classes/TFHpple.m; sourceTree = "<group>"; };
		40DA3D601D04D4DF0082223E /* TFHppleElement.h */ = {isa = PBXFileReference; fileEncoding = 4; lastKnownFileType = sourcecode.c.h; name = TFHppleElement.h; path = Classes/TFHppleElement.h; sourceTree = "<group>"; };
		40DA3D611D04D4DF0082223E /* TFHppleElement.m */ = {isa = PBXFileReference; fileEncoding = 4; lastKnownFileType = sourcecode.c.objc; name = TFHppleElement.m; path = Classes/TFHppleElement.m; sourceTree = "<group>"; };
		40DA3D621D04D4DF0082223E /* XPathQuery.h */ = {isa = PBXFileReference; fileEncoding = 4; lastKnownFileType = sourcecode.c.h; name = XPathQuery.h; path = Classes/XPathQuery.h; sourceTree = "<group>"; };
		40DA3D631D04D4DF0082223E /* XPathQuery.m */ = {isa = PBXFileReference; fileEncoding = 4; lastKnownFileType = sourcecode.c.objc; name = XPathQuery.m; path = Classes/XPathQuery.m; sourceTree = "<group>"; };
		40DA3D671D04D52E0082223E /* libxml2.2.tbd */ = {isa = PBXFileReference; lastKnownFileType = "sourcecode.text-based-dylib-definition"; name = libxml2.2.tbd; path = usr/lib/libxml2.2.tbd; sourceTree = SDKROOT; };
		40DA3D691D04D5D50082223E /* libxml2.tbd */ = {isa = PBXFileReference; lastKnownFileType = "sourcecode.text-based-dylib-definition"; name = libxml2.tbd; path = usr/lib/libxml2.tbd; sourceTree = SDKROOT; };
		40DA3D6C1D04D82B0082223E /* libxml2.2.dylib */ = {isa = PBXFileReference; lastKnownFileType = "compiled.mach-o.dylib"; name = libxml2.2.dylib; path = ../../../../usr/lib/libxml2.2.dylib; sourceTree = "<group>"; };
		40DA3D741D04DA6D0082223E /* libxml2.dylib */ = {isa = PBXFileReference; lastKnownFileType = "compiled.mach-o.dylib"; name = libxml2.dylib; path = ../../../../usr/lib/libxml2.dylib; sourceTree = "<group>"; };
		7EA834874CEABD92FCA7BF94 /* Pods.debug.xcconfig */ = {isa = PBXFileReference; includeInIndex = 1; lastKnownFileType = text.xcconfig; name = Pods.debug.xcconfig; path = "Pods/Target Support Files/Pods/Pods.debug.xcconfig"; sourceTree = "<group>"; };
		C7E91821B99A9B61A629C2B1 /* Pods.release.xcconfig */ = {isa = PBXFileReference; includeInIndex = 1; lastKnownFileType = text.xcconfig; name = Pods.release.xcconfig; path = "Pods/Target Support Files/Pods/Pods.release.xcconfig"; sourceTree = "<group>"; };
/* End PBXFileReference section */

/* Begin PBXFrameworksBuildPhase section */
		40DA3D231D048D060082223E /* Frameworks */ = {
			isa = PBXFrameworksBuildPhase;
			buildActionMask = 2147483647;
			files = (
				40DA3D761D04DABB0082223E /* libxml2.2.dylib in Frameworks */,
				5AFBD954B8E4C412BB376436 /* libPods.a in Frameworks */,
				40DA3D751D04DA6D0082223E /* libxml2.dylib in Frameworks */,
			);
			runOnlyForDeploymentPostprocessing = 0;
		};
/* End PBXFrameworksBuildPhase section */

/* Begin PBXGroup section */
		40DA3D1D1D048D060082223E = {
			isa = PBXGroup;
			children = (
				40DA3D281D048D060082223E /* FlightTicket */,
				40DA3D271D048D060082223E /* Products */,
				CA81AC9ADB36B0AFAEDFFC7D /* Pods */,
				DD4E03764428DB694E6498C3 /* Frameworks */,
			);
			sourceTree = "<group>";
		};
		40DA3D271D048D060082223E /* Products */ = {
			isa = PBXGroup;
			children = (
				40DA3D261D048D060082223E /* FlightTicket.app */,
			);
			name = Products;
			sourceTree = "<group>";
		};
		40DA3D281D048D060082223E /* FlightTicket */ = {
			isa = PBXGroup;
			children = (
				40DA3D5E1D04D4DF0082223E /* TFHpple.h */,
				40DA3D5F1D04D4DF0082223E /* TFHpple.m */,
				40DA3D601D04D4DF0082223E /* TFHppleElement.h */,
				40DA3D611D04D4DF0082223E /* TFHppleElement.m */,
				40DA3D621D04D4DF0082223E /* XPathQuery.h */,
				40DA3D631D04D4DF0082223E /* XPathQuery.m */,
				40DA3D2C1D048D060082223E /* AppDelegate.h */,
				40DA3D2D1D048D060082223E /* AppDelegate.m */,
				40DA3D2F1D048D060082223E /* ViewController.h */,
				40DA3D301D048D060082223E /* ViewController.m */,
				40DA3D401D048D900082223E /* City.h */,
				40DA3D411D048D900082223E /* City.m */,
				40DA3D421D048D900082223E /* FlightInfo.h */,
				40DA3D431D048D900082223E /* FlightInfo.m */,
				40DA3D441D048D900082223E /* FlightListCell.h */,
				40DA3D451D048D900082223E /* FlightListCell.m */,
				40DA3D461D048D900082223E /* FlightListController.h */,
				40DA3D471D048D900082223E /* FlightListController.m */,
				40DA3D321D048D060082223E /* Main.storyboard */,
				40DA3D351D048D060082223E /* Assets.xcassets */,
				40DA3D371D048D060082223E /* LaunchScreen.storyboard */,
				40DA3D3A1D048D060082223E /* Info.plist */,
				40DA3D291D048D060082223E /* Supporting Files */,
			);
			path = FlightTicket;
			sourceTree = "<group>";
		};
		40DA3D291D048D060082223E /* Supporting Files */ = {
			isa = PBXGroup;
			children = (
				40DA3D2A1D048D060082223E /* main.m */,
			);
			name = "Supporting Files";
			sourceTree = "<group>";
		};
		CA81AC9ADB36B0AFAEDFFC7D /* Pods */ = {
			isa = PBXGroup;
			children = (
				7EA834874CEABD92FCA7BF94 /* Pods.debug.xcconfig */,
				C7E91821B99A9B61A629C2B1 /* Pods.release.xcconfig */,
			);
			name = Pods;
			sourceTree = "<group>";
		};
		DD4E03764428DB694E6498C3 /* Frameworks */ = {
			isa = PBXGroup;
			children = (
				40DA3D741D04DA6D0082223E /* libxml2.dylib */,
				40DA3D6C1D04D82B0082223E /* libxml2.2.dylib */,
				40DA3D691D04D5D50082223E /* libxml2.tbd */,
				40DA3D671D04D52E0082223E /* libxml2.2.tbd */,
				1490AC5CB99217F2C4F1DFFF /* libPods.a */,
			);
			name = Frameworks;
			sourceTree = "<group>";
		};
/* End PBXGroup section */

/* Begin PBXNativeTarget section */
		40DA3D251D048D060082223E /* FlightTicket */ = {
			isa = PBXNativeTarget;
			buildConfigurationList = 40DA3D3D1D048D060082223E /* Build configuration list for PBXNativeTarget "FlightTicket" */;
			buildPhases = (
				FDEF5EC44FD98B2245E5BD78 /* Check Pods Manifest.lock */,
				40DA3D221D048D060082223E /* Sources */,
				40DA3D231D048D060082223E /* Frameworks */,
				40DA3D241D048D060082223E /* Resources */,
				C66BB703CD9BC249B87F715D /* Embed Pods Frameworks */,
				A1428854DE5E79D16E964994 /* Copy Pods Resources */,
			);
			buildRules = (
			);
			dependencies = (
			);
			name = FlightTicket;
			productName = FlightTicket;
			productReference = 40DA3D261D048D060082223E /* FlightTicket.app */;
			productType = "com.apple.product-type.application";
		};
/* End PBXNativeTarget section */

/* Begin PBXProject section */
		40DA3D1E1D048D060082223E /* Project object */ = {
			isa = PBXProject;
			attributes = {
				LastUpgradeCheck = 0730;
				ORGANIZATIONNAME = "林峰";
				TargetAttributes = {
					40DA3D251D048D060082223E = {
						CreatedOnToolsVersion = 7.3;
					};
				};
			};
			buildConfigurationList = 40DA3D211D048D060082223E /* Build configuration list for PBXProject "FlightTicket" */;
			compatibilityVersion = "Xcode 3.2";
			developmentRegion = English;
			hasScannedForEncodings = 0;
			knownRegions = (
				en,
				Base,
			);
			mainGroup = 40DA3D1D1D048D060082223E;
			productRefGroup = 40DA3D271D048D060082223E /* Products */;
			projectDirPath = "";
			projectRoot = "";
			targets = (
				40DA3D251D048D060082223E /* FlightTicket */,
			);
		};
/* End PBXProject section */

/* Begin PBXResourcesBuildPhase section */
		40DA3D241D048D060082223E /* Resources */ = {
			isa = PBXResourcesBuildPhase;
			buildActionMask = 2147483647;
			files = (
				40DA3D391D048D060082223E /* LaunchScreen.storyboard in Resources */,
				40DA3D361D048D060082223E /* Assets.xcassets in Resources */,
				40DA3D341D048D060082223E /* Main.storyboard in Resources */,
			);
			runOnlyForDeploymentPostprocessing = 0;
		};
/* End PBXResourcesBuildPhase section */

/* Begin PBXShellScriptBuildPhase section */
		A1428854DE5E79D16E964994 /* Copy Pods Resources */ = {
			isa = PBXShellScriptBuildPhase;
			buildActionMask = 2147483647;
			files = (
			);
			inputPaths = (
			);
			name = "Copy Pods Resources";
			outputPaths = (
			);
			runOnlyForDeploymentPostprocessing = 0;
			shellPath = /bin/sh;
			shellScript = "\"${SRCROOT}/Pods/Target Support Files/Pods/Pods-resources.sh\"\n";
			showEnvVarsInLog = 0;
		};
		C66BB703CD9BC249B87F715D /* Embed Pods Frameworks */ = {
			isa = PBXShellScriptBuildPhase;
			buildActionMask = 2147483647;
			files = (
			);
			inputPaths = (
			);
			name = "Embed Pods Frameworks";
			outputPaths = (
			);
			runOnlyForDeploymentPostprocessing = 0;
			shellPath = /bin/sh;
			shellScript = "\"${SRCROOT}/Pods/Target Support Files/Pods/Pods-frameworks.sh\"\n";
			showEnvVarsInLog = 0;
		};
		FDEF5EC44FD98B2245E5BD78 /* Check Pods Manifest.lock */ = {
			isa = PBXShellScriptBuildPhase;
			buildActionMask = 2147483647;
			files = (
			);
			inputPaths = (
			);
			name = "Check Pods Manifest.lock";
			outputPaths = (
			);
			runOnlyForDeploymentPostprocessing = 0;
			shellPath = /bin/sh;
			shellScript = "diff \"${PODS_ROOT}/../Podfile.lock\" \"${PODS_ROOT}/Manifest.lock\" > /dev/null\nif [[ $? != 0 ]] ; then\n    cat << EOM\nerror: The sandbox is not in sync with the Podfile.lock. Run 'pod install' or update your CocoaPods installation.\nEOM\n    exit 1\nfi\n";
			showEnvVarsInLog = 0;
		};
/* End PBXShellScriptBuildPhase section */

/* Begin PBXSourcesBuildPhase section */
		40DA3D221D048D060082223E /* Sources */ = {
			isa = PBXSourcesBuildPhase;
			buildActionMask = 2147483647;
			files = (
				40DA3D311D048D060082223E /* ViewController.m in Sources */,
				40DA3D4B1D048D900082223E /* FlightListController.m in Sources */,
				40DA3D661D04D4DF0082223E /* XPathQuery.m in Sources */,
				40DA3D491D048D900082223E /* FlightInfo.m in Sources */,
				40DA3D2E1D048D060082223E /* AppDelegate.m in Sources */,
				40DA3D481D048D900082223E /* City.m in Sources */,
				40DA3D2B1D048D060082223E /* main.m in Sources */,
				40DA3D651D04D4DF0082223E /* TFHppleElement.m in Sources */,
				40DA3D4A1D048D900082223E /* FlightListCell.m in Sources */,
				40DA3D641D04D4DF0082223E /* TFHpple.m in Sources */,
			);
			runOnlyForDeploymentPostprocessing = 0;
		};
/* End PBXSourcesBuildPhase section */

/* Begin PBXVariantGroup section */
		40DA3D321D048D060082223E /* Main.storyboard */ = {
			isa = PBXVariantGroup;
			children = (
				40DA3D331D048D060082223E /* Base */,
			);
			name = Main.storyboard;
			sourceTree = "<group>";
		};
		40DA3D371D048D060082223E /* LaunchScreen.storyboard */ = {
			isa = PBXVariantGroup;
			children = (
				40DA3D381D048D060082223E /* Base */,
			);
			name = LaunchScreen.storyboard;
			sourceTree = "<group>";
		};
/* End PBXVariantGroup section */

/* Begin XCBuildConfiguration section */
		40DA3D3B1D048D060082223E /* Debug */ = {
			isa = XCBuildConfiguration;
			buildSettings = {
				ALWAYS_SEARCH_USER_PATHS = YES;
				CLANG_ANALYZER_NONNULL = YES;
				CLANG_CXX_LANGUAGE_STANDARD = "gnu++0x";
				CLANG_CXX_LIBRARY = "libc++";
				CLANG_ENABLE_MODULES = YES;
				CLANG_ENABLE_OBJC_ARC = YES;
				CLANG_WARN_BOOL_CONVERSION = YES;
				CLANG_WARN_CONSTANT_CONVERSION = YES;
				CLANG_WARN_DIRECT_OBJC_ISA_USAGE = YES_ERROR;
				CLANG_WARN_EMPTY_BODY = YES;
				CLANG_WARN_ENUM_CONVERSION = YES;
				CLANG_WARN_INT_CONVERSION = YES;
				CLANG_WARN_OBJC_ROOT_CLASS = YES_ERROR;
				CLANG_WARN_UNREACHABLE_CODE = YES;
				CLANG_WARN__DUPLICATE_METHOD_MATCH = YES;
				"CODE_SIGN_IDENTITY[sdk=iphoneos*]" = "iPhone Developer";
				COPY_PHASE_STRIP = NO;
				DEBUG_INFORMATION_FORMAT = dwarf;
				ENABLE_STRICT_OBJC_MSGSEND = YES;
				ENABLE_TESTABILITY = YES;
				GCC_C_LANGUAGE_STANDARD = gnu99;
				GCC_DYNAMIC_NO_PIC = NO;
				GCC_NO_COMMON_BLOCKS = YES;
				GCC_OPTIMIZATION_LEVEL = 0;
				GCC_PREPROCESSOR_DEFINITIONS = (
					"DEBUG=1",
					"$(inherited)",
				);
				GCC_WARN_64_TO_32_BIT_CONVERSION = YES;
				GCC_WARN_ABOUT_RETURN_TYPE = YES_ERROR;
				GCC_WARN_UNDECLARED_SELECTOR = YES;
				GCC_WARN_UNINITIALIZED_AUTOS = YES_AGGRESSIVE;
				GCC_WARN_UNUSED_FUNCTION = YES;
				GCC_WARN_UNUSED_VARIABLE = YES;
				IPHONEOS_DEPLOYMENT_TARGET = 9.3;
				MTL_ENABLE_DEBUG_INFO = YES;
				ONLY_ACTIVE_ARCH = YES;
				SDKROOT = iphoneos;
			};
			name = Debug;
		};
		40DA3D3C1D048D060082223E /* Release */ = {
			isa = XCBuildConfiguration;
			buildSettings = {
				ALWAYS_SEARCH_USER_PATHS = YES;
				CLANG_ANALYZER_NONNULL = YES;
				CLANG_CXX_LANGUAGE_STANDARD = "gnu++0x";
				CLANG_CXX_LIBRARY = "libc++";
				CLANG_ENABLE_MODULES = YES;
				CLANG_ENABLE_OBJC_ARC = YES;
				CLANG_WARN_BOOL_CONVERSION = YES;
				CLANG_WARN_CONSTANT_CONVERSION = YES;
				CLANG_WARN_DIRECT_OBJC_ISA_USAGE = YES_ERROR;
				CLANG_WARN_EMPTY_BODY = YES;
				CLANG_WARN_ENUM_CONVERSION = YES;
				CLANG_WARN_INT_CONVERSION = YES;
				CLANG_WARN_OBJC_ROOT_CLASS = YES_ERROR;
				CLANG_WARN_UNREACHABLE_CODE = YES;
				CLANG_WARN__DUPLICATE_METHOD_MATCH = YES;
				"CODE_SIGN_IDENTITY[sdk=iphoneos*]" = "iPhone Developer";
				COPY_PHASE_STRIP = NO;
				DEBUG_INFORMATION_FORMAT = "dwarf-with-dsym";
				ENABLE_NS_ASSERTIONS = NO;
				ENABLE_STRICT_OBJC_MSGSEND = YES;
				GCC_C_LANGUAGE_STANDARD = gnu99;
				GCC_NO_COMMON_BLOCKS = YES;
				GCC_WARN_64_TO_32_BIT_CONVERSION = YES;
				GCC_WARN_ABOUT_RETURN_TYPE = YES_ERROR;
				GCC_WARN_UNDECLARED_SELECTOR = YES;
				GCC_WARN_UNINITIALIZED_AUTOS = YES_AGGRESSIVE;
				GCC_WARN_UNUSED_FUNCTION = YES;
				GCC_WARN_UNUSED_VARIABLE = YES;
				IPHONEOS_DEPLOYMENT_TARGET = 9.3;
				MTL_ENABLE_DEBUG_INFO = NO;
				SDKROOT = iphoneos;
				VALIDATE_PRODUCT = YES;
			};
			name = Release;
		};
		40DA3D3E1D048D060082223E /* Debug */ = {
			isa = XCBuildConfiguration;
			baseConfigurationReference = 7EA834874CEABD92FCA7BF94 /* Pods.debug.xcconfig */;
			buildSettings = {
				ASSETCATALOG_COMPILER_APPICON_NAME = AppIcon;
				INFOPLIST_FILE = FlightTicket/Info.plist;
				LD_RUNPATH_SEARCH_PATHS = "$(inherited) @executable_path/Frameworks";
				PRODUCT_BUNDLE_IDENTIFIER = silu.FlightTicket;
				PRODUCT_NAME = "$(TARGET_NAME)";
			};
			name = Debug;
		};
		40DA3D3F1D048D060082223E /* Release */ = {
			isa = XCBuildConfiguration;
			baseConfigurationReference = C7E91821B99A9B61A629C2B1 /* Pods.release.xcconfig */;
			buildSettings = {
				ASSETCATALOG_COMPILER_APPICON_NAME = AppIcon;
				INFOPLIST_FILE = FlightTicket/Info.plist;
				LD_RUNPATH_SEARCH_PATHS = "$(inherited) @executable_path/Frameworks";
				PRODUCT_BUNDLE_IDENTIFIER = silu.FlightTicket;
				PRODUCT_NAME = "$(TARGET_NAME)";
			};
			name = Release;
		};
/* End XCBuildConfiguration section */

/* Begin XCConfigurationList section */
		40DA3D211D048D060082223E /* Build configuration list for PBXProject "FlightTicket" */ = {
			isa = XCConfigurationList;
			buildConfigurations = (
				40DA3D3B1D048D060082223E /* Debug */,
				40DA3D3C1D048D060082223E /* Release */,
			);
			defaultConfigurationIsVisible = 0;
			defaultConfigurationName = Release;
		};
		40DA3D3D1D048D060082223E /* Build configuration list for PBXNativeTarget "FlightTicket" */ = {
			isa = XCConfigurationList;
			buildConfigurations = (
				40DA3D3E1D048D060082223E /* Debug */,
				40DA3D3F1D048D060082223E /* Release */,
			);
			defaultConfigurationIsVisible = 0;
			defaultConfigurationName = Release;
		};
/* End XCConfigurationList section */
	};
	rootObject = 40DA3D1E1D048D060082223E /* Project object */;
}
